
Microsoft Visual Studio Solution File, Format Version 12.00
# Visual Studio 14
VisualStudioVersion = 14.0.25420.1
MinimumVisualStudioVersion = 10.0.40219.1
Project("{FAE04EC0-301F-11D3-BF4B-00C04F79EFBC}") = "CodeCamp.SmoDemo.01-Connecting", "CodeCamp.SmoDemo.01-Connecting\CodeCamp.SmoDemo.01-Connecting.csproj", "{F802FCF1-CD20-470A-A400-F74374A6B6C2}"
EndProject
Project("{FAE04EC0-301F-11D3-BF4B-00C04F79EFBC}") = "CodeCamp.SmoDemo.02-CreateDatabase", "CodeCamp.SmoDemo.02-CreateDatabase\CodeCamp.SmoDemo.02-CreateDatabase.csproj", "{76384767-9758-42CF-BD96-CD4094C35A29}"
EndProject
Global
	GlobalSection(SolutionConfigurationPlatforms) = preSolution
		Debug|Any CPU = Debug|Any CPU
		Release|Any CPU = Release|Any CPU
	EndGlobalSection
	GlobalSection(ProjectConfigurationPlatforms) = postSolution
		{F802FCF1-CD20-470A-A400-F74374A6B6C2}.Debug|Any CPU.ActiveCfg = Debug|Any CPU
		{F802FCF1-CD20-470A-A400-F74374A6B6C2}.Debug|Any CPU.Build.0 = Debug|Any CPU
		{F802FCF1-CD20-470A-A400-F74374A6B6C2}.Release|Any CPU.ActiveCfg = Release|Any CPU
		{F802FCF1-CD20-470A-A400-F74374A6B6C2}.Release|Any CPU.Build.0 = Release|Any CPU
		{76384767-9758-42CF-BD96-CD4094C35A29}.Debug|Any CPU.ActiveCfg = Debug|Any CPU
		{76384767-9758-42CF-BD96-CD4094C35A29}.Debug|Any CPU.Build.0 = Debug|Any CPU
		{76384767-9758-42CF-BD96-CD4094C35A29}.Release|Any CPU.ActiveCfg = Release|Any CPU
		{76384767-9758-42CF-BD96-CD4094C35A29}.Release|Any CPU.Build.0 = Release|Any CPU
	EndGlobalSection
	GlobalSection(SolutionProperties) = preSolution
		HideSolutionNode = FALSE
	EndGlobalSection
EndGlobal
